
Microsoft Visual Studio Solution File, Format Version 12.00
# Visual Studio 15
VisualStudioVersion = 15.0.26730.16
MinimumVisualStudioVersion = 10.0.40219.1
Project("{8BC9CEB8-8B4A-11D0-8D11-00A0C91BC942}") = "CSVUtilityLib", "CSVUtilityLib\CSVUtilityLib.vcxproj", "{48805776-302A-4C54-B45D-7DEE51086DFB}"
EndProject
Global
	GlobalSection(SolutionConfigurationPlatforms) = preSolution
		Debug|x64 = Debug|x64
		Debug|x86 = Debug|x86
		Release|x64 = Release|x64
		Release|x86 = Release|x86
	EndGlobalSection
	GlobalSection(ProjectConfigurationPlatforms) = postSolution
		{48805776-302A-4C54-B45D-7DEE51086DFB}.Debug|x64.ActiveCfg = Debug|x64
		{48805776-302A-4C54-B45D-7DEE51086DFB}.Debug|x64.Build.0 = Debug|x64
		{48805776-302A-4C54-B45D-7DEE51086DFB}.Debug|x86.ActiveCfg = Debug|Win32
		{48805776-302A-4C54-B45D-7DEE51086DFB}.Debug|x86.Build.0 = Debug|Win32
		{48805776-302A-4C54-B45D-7DEE51086DFB}.Release|x64.ActiveCfg = Release|x64
		{48805776-302A-4C54-B45D-7DEE51086DFB}.Release|x64.Build.0 = Release|x64
		{48805776-302A-4C54-B45D-7DEE51086DFB}.Release|x86.ActiveCfg = Release|Win32
		{48805776-302A-4C54-B45D-7DEE51086DFB}.Release|x86.Build.0 = Release|Win32
	EndGlobalSection
	GlobalSection(SolutionProperties) = preSolution
		HideSolutionNode = FALSE
	EndGlobalSection
	GlobalSection(ExtensibilityGlobals) = postSolution
		SolutionGuid = {3B008101-AA6B-4A73-8E6E-00A8084FFA9B}
	EndGlobalSection
EndGlobal
